
Microsoft Visual Studio Solution File, Format Version 12.00
# Visual Studio 15
VisualStudioVersion = 15.0.28010.2048
MinimumVisualStudioVersion = 10.0.40219.1
Project("{FAE04EC0-301F-11D3-BF4B-00C04F79EFBC}") = "Slot_Machine_Console", "Slot_Machine_Console\Slot_Machine_Console.csproj", "{C340A84F-6FA4-49CA-B8E6-AEBF2FD669FF}"
EndProject
Global
	GlobalSection(SolutionConfigurationPlatforms) = preSolution
		Debug|Any CPU = Debug|Any CPU
		Release|Any CPU = Release|Any CPU
	EndGlobalSection
	GlobalSection(ProjectConfigurationPlatforms) = postSolution
		{C340A84F-6FA4-49CA-B8E6-AEBF2FD669FF}.Debug|Any CPU.ActiveCfg = Debug|Any CPU
		{C340A84F-6FA4-49CA-B8E6-AEBF2FD669FF}.Debug|Any CPU.Build.0 = Debug|Any CPU
		{C340A84F-6FA4-49CA-B8E6-AEBF2FD669FF}.Release|Any CPU.ActiveCfg = Release|Any CPU
		{C340A84F-6FA4-49CA-B8E6-AEBF2FD669FF}.Release|Any CPU.Build.0 = Release|Any CPU
	EndGlobalSection
	GlobalSection(SolutionProperties) = preSolution
		HideSolutionNode = FALSE
	EndGlobalSection
	GlobalSection(ExtensibilityGlobals) = postSolution
		SolutionGuid = {63E9721D-F70D-42BF-8B94-8F266CEC1E98}
	EndGlobalSection
EndGlobal
